
Microsoft Visual Studio Solution File, Format Version 12.00
# Visual Studio 14
VisualStudioVersion = 14.0.25123.0
MinimumVisualStudioVersion = 10.0.40219.1
Project("{8BC9CEB8-8B4A-11D0-8D11-00A0C91BC942}") = "TheMazeGame", "TheMazeGame.vcxproj", "{06078F35-76DA-43E6-947A-1D2A6D156A82}"
EndProject
Project("{8BC9CEB8-8B4A-11D0-8D11-00A0C91BC942}") = "TileTest", "..\TileTest\TileTest.vcxproj", "{26BBFBEA-47C8-409F-A1F8-4861BD839440}"
EndProject
Project("{8BC9CEB8-8B4A-11D0-8D11-00A0C91BC942}") = "TestMap", "..\TestMapGen\TestMapGen.vcxproj", "{0C414F73-37D6-43EB-8F7D-59164714A467}"
EndProject
Project("{8BC9CEB8-8B4A-11D0-8D11-00A0C91BC942}") = "PlayerTest", "..\PlayerTest\PlayerTest.vcxproj", "{9F6C3161-8AAD-47F1-B494-3EDE9F6B7B2C}"
EndProject
Project("{8BC9CEB8-8B4A-11D0-8D11-00A0C91BC942}") = "TestCharacterManager", "..\TestCharacterManager\TestCharacterManager.vcxproj", "{8426DBA8-1D7D-474D-8C46-208B0D55D92C}"
EndProject
Project("{8BC9CEB8-8B4A-11D0-8D11-00A0C91BC942}") = "TestGameManager", "..\TestGameManager\TestGameManager.vcxproj", "{5AEB630F-C700-4075-AC91-7E9DB7D2FFF6}"
EndProject
Project("{8BC9CEB8-8B4A-11D0-8D11-00A0C91BC942}") = "TestCharacter", "..\TestCharacter\TestCharacter.vcxproj", "{07A02FAC-00AC-438B-91F4-B4C34D48C472}"
EndProject
Project("{8BC9CEB8-8B4A-11D0-8D11-00A0C91BC942}") = "TestAdvanceCommand", "..\TestAdvanceCommand\TestAdvanceCommand.vcxproj", "{4F67E92E-A9E9-4C9A-B2B1-98B56AD392CF}"
EndProject
Project("{8BC9CEB8-8B4A-11D0-8D11-00A0C91BC942}") = "TestArmor", "..\TestArmor\TestArmor.vcxproj", "{AB579FB9-FD74-47CF-8128-B6B6B9B652BD}"
EndProject
Project("{8BC9CEB8-8B4A-11D0-8D11-00A0C91BC942}") = "TestWeapon", "..\TestWeapon\TestWeapon.vcxproj", "{CF0CD59B-53F0-43D1-8882-2DC1C1BA4722}"
EndProject
Project("{8BC9CEB8-8B4A-11D0-8D11-00A0C91BC942}") = "TestPowerVisionBoost", "..\TestPowerVisionBoost\TestPowerVisionBoost.vcxproj", "{B67710D1-5E4D-4D6C-B365-4FD76AA43335}"
EndProject
Project("{8BC9CEB8-8B4A-11D0-8D11-00A0C91BC942}") = "TestPowerUp", "..\TestPowerUp\TestPowerUp.vcxproj", "{78B87DB0-4BD4-485A-87D6-CD0DA0A5B874}"
EndProject
Project("{8BC9CEB8-8B4A-11D0-8D11-00A0C91BC942}") = "TestPowerHealth", "TestPowerHealth\TestPowerHealth.vcxproj", "{1F6B5A73-1844-4F64-A542-B92D2F52DAE7}"
EndProject
Project("{8BC9CEB8-8B4A-11D0-8D11-00A0C91BC942}") = "TestPowerFullVisibility", "TestPowerFullVisibility\TestPowerFullVisibility.vcxproj", "{F09F9685-D696-4E9B-B0EB-5B653E2E9725}"
EndProject
Project("{8BC9CEB8-8B4A-11D0-8D11-00A0C91BC942}") = "TestDoorKey", "..\TestDoorKey\TestDoorKey.vcxproj", "{A58F755B-1FDE-4AA5-B48F-880CF690F732}"
EndProject
Project("{8BC9CEB8-8B4A-11D0-8D11-00A0C91BC942}") = "TestEnemy", "..\TestEnemy\TestEnemy.vcxproj", "{49653DC9-97B8-479B-B750-BE35E28DA105}"
EndProject
Global
	GlobalSection(SolutionConfigurationPlatforms) = preSolution
		Debug|x64 = Debug|x64
		Debug|x86 = Debug|x86
		Release|x64 = Release|x64
		Release|x86 = Release|x86
	EndGlobalSection
	GlobalSection(ProjectConfigurationPlatforms) = postSolution
		{06078F35-76DA-43E6-947A-1D2A6D156A82}.Debug|x64.ActiveCfg = Debug|x64
		{06078F35-76DA-43E6-947A-1D2A6D156A82}.Debug|x64.Build.0 = Debug|x64
		{06078F35-76DA-43E6-947A-1D2A6D156A82}.Debug|x86.ActiveCfg = Debug|Win32
		{06078F35-76DA-43E6-947A-1D2A6D156A82}.Debug|x86.Build.0 = Debug|Win32
		{06078F35-76DA-43E6-947A-1D2A6D156A82}.Release|x64.ActiveCfg = Release|x64
		{06078F35-76DA-43E6-947A-1D2A6D156A82}.Release|x64.Build.0 = Release|x64
		{06078F35-76DA-43E6-947A-1D2A6D156A82}.Release|x86.ActiveCfg = Release|Win32
		{06078F35-76DA-43E6-947A-1D2A6D156A82}.Release|x86.Build.0 = Release|Win32
		{26BBFBEA-47C8-409F-A1F8-4861BD839440}.Debug|x64.ActiveCfg = Debug|x64
		{26BBFBEA-47C8-409F-A1F8-4861BD839440}.Debug|x64.Build.0 = Debug|x64
		{26BBFBEA-47C8-409F-A1F8-4861BD839440}.Debug|x86.ActiveCfg = Debug|Win32
		{26BBFBEA-47C8-409F-A1F8-4861BD839440}.Debug|x86.Build.0 = Debug|Win32
		{26BBFBEA-47C8-409F-A1F8-4861BD839440}.Release|x64.ActiveCfg = Release|x64
		{26BBFBEA-47C8-409F-A1F8-4861BD839440}.Release|x64.Build.0 = Release|x64
		{26BBFBEA-47C8-409F-A1F8-4861BD839440}.Release|x86.ActiveCfg = Release|Win32
		{26BBFBEA-47C8-409F-A1F8-4861BD839440}.Release|x86.Build.0 = Release|Win32
		{0C414F73-37D6-43EB-8F7D-59164714A467}.Debug|x64.ActiveCfg = Debug|x64
		{0C414F73-37D6-43EB-8F7D-59164714A467}.Debug|x64.Build.0 = Debug|x64
		{0C414F73-37D6-43EB-8F7D-59164714A467}.Debug|x86.ActiveCfg = Debug|Win32
		{0C414F73-37D6-43EB-8F7D-59164714A467}.Debug|x86.Build.0 = Debug|Win32
		{0C414F73-37D6-43EB-8F7D-59164714A467}.Release|x64.ActiveCfg = Release|x64
		{0C414F73-37D6-43EB-8F7D-59164714A467}.Release|x64.Build.0 = Release|x64
		{0C414F73-37D6-43EB-8F7D-59164714A467}.Release|x86.ActiveCfg = Release|Win32
		{0C414F73-37D6-43EB-8F7D-59164714A467}.Release|x86.Build.0 = Release|Win32
		{9F6C3161-8AAD-47F1-B494-3EDE9F6B7B2C}.Debug|x64.ActiveCfg = Debug|x64
		{9F6C3161-8AAD-47F1-B494-3EDE9F6B7B2C}.Debug|x64.Build.0 = Debug|x64
		{9F6C3161-8AAD-47F1-B494-3EDE9F6B7B2C}.Debug|x86.ActiveCfg = Debug|Win32
		{9F6C3161-8AAD-47F1-B494-3EDE9F6B7B2C}.Debug|x86.Build.0 = Debug|Win32
		{9F6C3161-8AAD-47F1-B494-3EDE9F6B7B2C}.Release|x64.ActiveCfg = Release|x64
		{9F6C3161-8AAD-47F1-B494-3EDE9F6B7B2C}.Release|x64.Build.0 = Release|x64
		{9F6C3161-8AAD-47F1-B494-3EDE9F6B7B2C}.Release|x86.ActiveCfg = Release|Win32
		{9F6C3161-8AAD-47F1-B494-3EDE9F6B7B2C}.Release|x86.Build.0 = Release|Win32
		{8426DBA8-1D7D-474D-8C46-208B0D55D92C}.Debug|x64.ActiveCfg = Debug|x64
		{8426DBA8-1D7D-474D-8C46-208B0D55D92C}.Debug|x64.Build.0 = Debug|x64
		{8426DBA8-1D7D-474D-8C46-208B0D55D92C}.Debug|x86.ActiveCfg = Debug|Win32
		{8426DBA8-1D7D-474D-8C46-208B0D55D92C}.Debug|x86.Build.0 = Debug|Win32
		{8426DBA8-1D7D-474D-8C46-208B0D55D92C}.Release|x64.ActiveCfg = Release|x64
		{8426DBA8-1D7D-474D-8C46-208B0D55D92C}.Release|x64.Build.0 = Release|x64
		{8426DBA8-1D7D-474D-8C46-208B0D55D92C}.Release|x86.ActiveCfg = Release|Win32
		{8426DBA8-1D7D-474D-8C46-208B0D55D92C}.Release|x86.Build.0 = Release|Win32
		{5AEB630F-C700-4075-AC91-7E9DB7D2FFF6}.Debug|x64.ActiveCfg = Debug|x64
		{5AEB630F-C700-4075-AC91-7E9DB7D2FFF6}.Debug|x64.Build.0 = Debug|x64
		{5AEB630F-C700-4075-AC91-7E9DB7D2FFF6}.Debug|x86.ActiveCfg = Debug|Win32
		{5AEB630F-C700-4075-AC91-7E9DB7D2FFF6}.Debug|x86.Build.0 = Debug|Win32
		{5AEB630F-C700-4075-AC91-7E9DB7D2FFF6}.Release|x64.ActiveCfg = Release|x64
		{5AEB630F-C700-4075-AC91-7E9DB7D2FFF6}.Release|x64.Build.0 = Release|x64
		{5AEB630F-C700-4075-AC91-7E9DB7D2FFF6}.Release|x86.ActiveCfg = Release|Win32
		{5AEB630F-C700-4075-AC91-7E9DB7D2FFF6}.Release|x86.Build.0 = Release|Win32
		{07A02FAC-00AC-438B-91F4-B4C34D48C472}.Debug|x64.ActiveCfg = Debug|x64
		{07A02FAC-00AC-438B-91F4-B4C34D48C472}.Debug|x64.Build.0 = Debug|x64
		{07A02FAC-00AC-438B-91F4-B4C34D48C472}.Debug|x86.ActiveCfg = Debug|Win32
		{07A02FAC-00AC-438B-91F4-B4C34D48C472}.Debug|x86.Build.0 = Debug|Win32
		{07A02FAC-00AC-438B-91F4-B4C34D48C472}.Release|x64.ActiveCfg = Release|x64
		{07A02FAC-00AC-438B-91F4-B4C34D48C472}.Release|x64.Build.0 = Release|x64
		{07A02FAC-00AC-438B-91F4-B4C34D48C472}.Release|x86.ActiveCfg = Release|Win32
		{07A02FAC-00AC-438B-91F4-B4C34D48C472}.Release|x86.Build.0 = Release|Win32
		{4F67E92E-A9E9-4C9A-B2B1-98B56AD392CF}.Debug|x64.ActiveCfg = Debug|x64
		{4F67E92E-A9E9-4C9A-B2B1-98B56AD392CF}.Debug|x64.Build.0 = Debug|x64
		{4F67E92E-A9E9-4C9A-B2B1-98B56AD392CF}.Debug|x86.ActiveCfg = Debug|Win32
		{4F67E92E-A9E9-4C9A-B2B1-98B56AD392CF}.Debug|x86.Build.0 = Debug|Win32
		{4F67E92E-A9E9-4C9A-B2B1-98B56AD392CF}.Release|x64.ActiveCfg = Release|x64
		{4F67E92E-A9E9-4C9A-B2B1-98B56AD392CF}.Release|x64.Build.0 = Release|x64
		{4F67E92E-A9E9-4C9A-B2B1-98B56AD392CF}.Release|x86.ActiveCfg = Release|Win32
		{4F67E92E-A9E9-4C9A-B2B1-98B56AD392CF}.Release|x86.Build.0 = Release|Win32
		{AB579FB9-FD74-47CF-8128-B6B6B9B652BD}.Debug|x64.ActiveCfg = Debug|x64
		{AB579FB9-FD74-47CF-8128-B6B6B9B652BD}.Debug|x64.Build.0 = Debug|x64
		{AB579FB9-FD74-47CF-8128-B6B6B9B652BD}.Debug|x86.ActiveCfg = Debug|Win32
		{AB579FB9-FD74-47CF-8128-B6B6B9B652BD}.Debug|x86.Build.0 = Debug|Win32
		{AB579FB9-FD74-47CF-8128-B6B6B9B652BD}.Release|x64.ActiveCfg = Release|x64
		{AB579FB9-FD74-47CF-8128-B6B6B9B652BD}.Release|x64.Build.0 = Release|x64
		{AB579FB9-FD74-47CF-8128-B6B6B9B652BD}.Release|x86.ActiveCfg = Release|Win32
		{AB579FB9-FD74-47CF-8128-B6B6B9B652BD}.Release|x86.Build.0 = Release|Win32
		{CF0CD59B-53F0-43D1-8882-2DC1C1BA4722}.Debug|x64.ActiveCfg = Debug|x64
		{CF0CD59B-53F0-43D1-8882-2DC1C1BA4722}.Debug|x64.Build.0 = Debug|x64
		{CF0CD59B-53F0-43D1-8882-2DC1C1BA4722}.Debug|x86.ActiveCfg = Debug|Win32
		{CF0CD59B-53F0-43D1-8882-2DC1C1BA4722}.Debug|x86.Build.0 = Debug|Win32
		{CF0CD59B-53F0-43D1-8882-2DC1C1BA4722}.Release|x64.ActiveCfg = Release|x64
		{CF0CD59B-53F0-43D1-8882-2DC1C1BA4722}.Release|x64.Build.0 = Release|x64
		{CF0CD59B-53F0-43D1-8882-2DC1C1BA4722}.Release|x86.ActiveCfg = Release|Win32
		{CF0CD59B-53F0-43D1-8882-2DC1C1BA4722}.Release|x86.Build.0 = Release|Win32
		{B67710D1-5E4D-4D6C-B365-4FD76AA43335}.Debug|x64.ActiveCfg = Debug|x64
		{B67710D1-5E4D-4D6C-B365-4FD76AA43335}.Debug|x64.Build.0 = Debug|x64
		{B67710D1-5E4D-4D6C-B365-4FD76AA43335}.Debug|x86.ActiveCfg = Debug|Win32
		{B67710D1-5E4D-4D6C-B365-4FD76AA43335}.Debug|x86.Build.0 = Debug|Win32
		{B67710D1-5E4D-4D6C-B365-4FD76AA43335}.Release|x64.ActiveCfg = Release|x64
		{B67710D1-5E4D-4D6C-B365-4FD76AA43335}.Release|x64.Build.0 = Release|x64
		{B67710D1-5E4D-4D6C-B365-4FD76AA43335}.Release|x86.ActiveCfg = Release|Win32
		{B67710D1-5E4D-4D6C-B365-4FD76AA43335}.Release|x86.Build.0 = Release|Win32
		{78B87DB0-4BD4-485A-87D6-CD0DA0A5B874}.Debug|x64.ActiveCfg = Debug|x64
		{78B87DB0-4BD4-485A-87D6-CD0DA0A5B874}.Debug|x64.Build.0 = Debug|x64
		{78B87DB0-4BD4-485A-87D6-CD0DA0A5B874}.Debug|x86.ActiveCfg = Debug|Win32
		{78B87DB0-4BD4-485A-87D6-CD0DA0A5B874}.Debug|x86.Build.0 = Debug|Win32
		{78B87DB0-4BD4-485A-87D6-CD0DA0A5B874}.Release|x64.ActiveCfg = Release|x64
		{78B87DB0-4BD4-485A-87D6-CD0DA0A5B874}.Release|x64.Build.0 = Release|x64
		{78B87DB0-4BD4-485A-87D6-CD0DA0A5B874}.Release|x86.ActiveCfg = Release|Win32
		{78B87DB0-4BD4-485A-87D6-CD0DA0A5B874}.Release|x86.Build.0 = Release|Win32
		{1F6B5A73-1844-4F64-A542-B92D2F52DAE7}.Debug|x64.ActiveCfg = Debug|x64
		{1F6B5A73-1844-4F64-A542-B92D2F52DAE7}.Debug|x64.Build.0 = Debug|x64
		{1F6B5A73-1844-4F64-A542-B92D2F52DAE7}.Debug|x86.ActiveCfg = Debug|Win32
		{1F6B5A73-1844-4F64-A542-B92D2F52DAE7}.Debug|x86.Build.0 = Debug|Win32
		{1F6B5A73-1844-4F64-A542-B92D2F52DAE7}.Release|x64.ActiveCfg = Release|x64
		{1F6B5A73-1844-4F64-A542-B92D2F52DAE7}.Release|x64.Build.0 = Release|x64
		{1F6B5A73-1844-4F64-A542-B92D2F52DAE7}.Release|x86.ActiveCfg = Release|Win32
		{1F6B5A73-1844-4F64-A542-B92D2F52DAE7}.Release|x86.Build.0 = Release|Win32
		{F09F9685-D696-4E9B-B0EB-5B653E2E9725}.Debug|x64.ActiveCfg = Debug|x64
		{F09F9685-D696-4E9B-B0EB-5B653E2E9725}.Debug|x64.Build.0 = Debug|x64
		{F09F9685-D696-4E9B-B0EB-5B653E2E9725}.Debug|x86.ActiveCfg = Debug|Win32
		{F09F9685-D696-4E9B-B0EB-5B653E2E9725}.Debug|x86.Build.0 = Debug|Win32
		{F09F9685-D696-4E9B-B0EB-5B653E2E9725}.Release|x64.ActiveCfg = Release|x64
		{F09F9685-D696-4E9B-B0EB-5B653E2E9725}.Release|x64.Build.0 = Release|x64
		{F09F9685-D696-4E9B-B0EB-5B653E2E9725}.Release|x86.ActiveCfg = Release|Win32
		{F09F9685-D696-4E9B-B0EB-5B653E2E9725}.Release|x86.Build.0 = Release|Win32
		{A58F755B-1FDE-4AA5-B48F-880CF690F732}.Debug|x64.ActiveCfg = Debug|x64
		{A58F755B-1FDE-4AA5-B48F-880CF690F732}.Debug|x64.Build.0 = Debug|x64
		{A58F755B-1FDE-4AA5-B48F-880CF690F732}.Debug|x86.ActiveCfg = Debug|Win32
		{A58F755B-1FDE-4AA5-B48F-880CF690F732}.Debug|x86.Build.0 = Debug|Win32
		{A58F755B-1FDE-4AA5-B48F-880CF690F732}.Release|x64.ActiveCfg = Release|x64
		{A58F755B-1FDE-4AA5-B48F-880CF690F732}.Release|x64.Build.0 = Release|x64
		{A58F755B-1FDE-4AA5-B48F-880CF690F732}.Release|x86.ActiveCfg = Release|Win32
		{A58F755B-1FDE-4AA5-B48F-880CF690F732}.Release|x86.Build.0 = Release|Win32
		{49653DC9-97B8-479B-B750-BE35E28DA105}.Debug|x64.ActiveCfg = Debug|x64
		{49653DC9-97B8-479B-B750-BE35E28DA105}.Debug|x64.Build.0 = Debug|x64
		{49653DC9-97B8-479B-B750-BE35E28DA105}.Debug|x86.ActiveCfg = Debug|Win32
		{49653DC9-97B8-479B-B750-BE35E28DA105}.Debug|x86.Build.0 = Debug|Win32
		{49653DC9-97B8-479B-B750-BE35E28DA105}.Release|x64.ActiveCfg = Release|x64
		{49653DC9-97B8-479B-B750-BE35E28DA105}.Release|x64.Build.0 = Release|x64
		{49653DC9-97B8-479B-B750-BE35E28DA105}.Release|x86.ActiveCfg = Release|Win32
		{49653DC9-97B8-479B-B750-BE35E28DA105}.Release|x86.Build.0 = Release|Win32
	EndGlobalSection
	GlobalSection(SolutionProperties) = preSolution
		HideSolutionNode = FALSE
	EndGlobalSection
EndGlobal
